
Microsoft Visual Studio Solution File, Format Version 11.00
# Visual Studio 2010
Project("{FAE04EC0-301F-11D3-BF4B-00C04F79EFBC}") = "Assembly-CSharp", "Assembly-CSharp.csproj", "{0575900c-5d56-bb35-6a13-d1dacb0813ca}"
EndProject
Global
	GlobalSection(SolutionConfigurationPlatforms) = preSolution
		Debug|Any CPU = Debug|Any CPU
		Release|Any CPU = Release|Any CPU
	EndGlobalSection
	GlobalSection(ProjectConfigurationPlatforms) = postSolution
		{0575900c-5d56-bb35-6a13-d1dacb0813ca}.Debug|Any CPU.ActiveCfg = Debug|Any CPU
		{0575900c-5d56-bb35-6a13-d1dacb0813ca}.Debug|Any CPU.Build.0 = Debug|Any CPU
		{0575900c-5d56-bb35-6a13-d1dacb0813ca}.Release|Any CPU.ActiveCfg = Release|Any CPU
		{0575900c-5d56-bb35-6a13-d1dacb0813ca}.Release|Any CPU.Build.0 = Release|Any CPU
	EndGlobalSection
	GlobalSection(SolutionProperties) = preSolution
		HideSolutionNode = FALSE
	EndGlobalSection
EndGlobal
